<?xml version="1.0" encoding="utf-8"?>
<Project ToolsVersion="4.0" xmlns="http://schemas.microsoft.com/developer/msbuild/2003">
  <ItemGroup>
    <Filter Include="Source Files">
      <UniqueIdentifier>{4FC737F1-C7A5-4376-A066-2A32D752A2FF}</UniqueIdentifier>
      <Extensions>cpp;c;cc;cxx;c++;cppm;ixx;def;odl;idl;hpj;bat;asm;asmx</Extensions>
    </Filter>
    <Filter Include="Header Files">
      <UniqueIdentifier>{93995380-89BD-4b04-88EB-625FBE52EBFB}</UniqueIdentifier>
      <Extensions>h;hh;hpp;hxx;h++;hm;inl;inc;ipp;xsd</Extensions>
    </Filter>
    <Filter Include="Resource Files">
      <UniqueIdentifier>{67DA6AB6-F800-4c08-8B7A-83BB121AAD01}</UniqueIdentifier>
      <Extensions>rc;ico;cur;bmp;dlg;rc2;rct;bin;rgs;gif;jpg;jpeg;jpe;resx;tiff;tif;png;wav;mfcribbon-ms</Extensions>
    </Filter>
  </ItemGroup>
  <ItemGroup>
    <ClInclude Include="framework.h">
      <Filter>Header Files</Filter>
    </ClInclude>
    <ClInclude Include="pch.h">
      <Filter>Header Files</Filter>
    </ClInclude>
    <ClInclude Include="jllibm2k.h">
      <Filter>Header Files</Filter>
    </ClInclude>
    <ClInclude Include="..\..\libm2k_build\build\include\iio.h">
      <Filter>Header Files</Filter>
    </ClInclude>
    <ClInclude Include="..\..\libm2k_build\build\include\libm2k\version.hpp">
      <Filter>Header Files</Filter>
    </ClInclude>
    <ClInclude Include="..\..\libm2k_build\libm2k\include\libm2k\analog\dmm.hpp">
      <Filter>Header Files</Filter>
    </ClInclude>
    <ClInclude Include="..\..\libm2k_build\libm2k\include\libm2k\analog\enums.hpp">
      <Filter>Header Files</Filter>
    </ClInclude>
    <ClInclude Include="..\..\libm2k_build\libm2k\include\libm2k\analog\genericanalogin.hpp">
      <Filter>Header Files</Filter>
    </ClInclude>
    <ClInclude Include="..\..\libm2k_build\libm2k\include\libm2k\analog\genericanalogout.hpp">
      <Filter>Header Files</Filter>
    </ClInclude>
    <ClInclude Include="..\..\libm2k_build\libm2k\include\libm2k\analog\m2kanalogin.hpp">
      <Filter>Header Files</Filter>
    </ClInclude>
    <ClInclude Include="..\..\libm2k_build\libm2k\include\libm2k\analog\m2kanalogout.hpp">
      <Filter>Header Files</Filter>
    </ClInclude>
    <ClInclude Include="..\..\libm2k_build\libm2k\include\libm2k\analog\m2kpowersupply.hpp">
      <Filter>Header Files</Filter>
    </ClInclude>
    <ClInclude Include="..\..\libm2k_build\libm2k\include\libm2k\context.hpp">
      <Filter>Header Files</Filter>
    </ClInclude>
    <ClInclude Include="..\..\libm2k_build\libm2k\include\libm2k\contextbuilder.hpp">
      <Filter>Header Files</Filter>
    </ClInclude>
    <ClInclude Include="..\..\libm2k_build\libm2k\include\libm2k\digital\enums.hpp">
      <Filter>Header Files</Filter>
    </ClInclude>
    <ClInclude Include="..\..\libm2k_build\libm2k\include\libm2k\digital\m2kdigital.hpp">
      <Filter>Header Files</Filter>
    </ClInclude>
    <ClInclude Include="..\..\libm2k_build\libm2k\include\libm2k\enums.hpp">
      <Filter>Header Files</Filter>
    </ClInclude>
    <ClInclude Include="..\..\libm2k_build\libm2k\include\libm2k\fmcomms.hpp">
      <Filter>Header Files</Filter>
    </ClInclude>
    <ClInclude Include="..\..\libm2k_build\libm2k\include\libm2k\generic.hpp">
      <Filter>Header Files</Filter>
    </ClInclude>
    <ClInclude Include="..\..\libm2k_build\libm2k\include\libm2k\lidar.hpp">
      <Filter>Header Files</Filter>
    </ClInclude>
    <ClInclude Include="..\..\libm2k_build\libm2k\include\libm2k\logger.hpp">
      <Filter>Header Files</Filter>
    </ClInclude>
    <ClInclude Include="..\..\libm2k_build\libm2k\include\libm2k\m2k.hpp">
      <Filter>Header Files</Filter>
    </ClInclude>
    <ClInclude Include="..\..\libm2k_build\libm2k\include\libm2k\m2kcalibration.hpp">
      <Filter>Header Files</Filter>
    </ClInclude>
    <ClInclude Include="..\..\libm2k_build\libm2k\include\libm2k\m2kexceptions.hpp">
      <Filter>Header Files</Filter>
    </ClInclude>
    <ClInclude Include="..\..\libm2k_build\libm2k\include\libm2k\m2kglobal.hpp">
      <Filter>Header Files</Filter>
    </ClInclude>
    <ClInclude Include="..\..\libm2k_build\libm2k\include\libm2k\m2khardwaretrigger.hpp">
      <Filter>Header Files</Filter>
    </ClInclude>
    <ClInclude Include="..\..\libm2k_build\libm2k\include\libm2k\tools\i2c.hpp">
      <Filter>Header Files</Filter>
    </ClInclude>
    <ClInclude Include="..\..\libm2k_build\libm2k\include\libm2k\tools\i2c_extra.hpp">
      <Filter>Header Files</Filter>
    </ClInclude>
    <ClInclude Include="..\..\libm2k_build\libm2k\include\libm2k\tools\spi.hpp">
      <Filter>Header Files</Filter>
    </ClInclude>
    <ClInclude Include="..\..\libm2k_build\libm2k\include\libm2k\tools\spi_extra.hpp">
      <Filter>Header Files</Filter>
    </ClInclude>
    <ClInclude Include="..\..\libm2k_build\libm2k\include\libm2k\tools\uart.hpp">
      <Filter>Header Files</Filter>
    </ClInclude>
    <ClInclude Include="..\..\libm2k_build\libm2k\include\libm2k\tools\uart_extra.hpp">
      <Filter>Header Files</Filter>
    </ClInclude>
    <ClInclude Include="..\..\libm2k_build\libm2k\include\libm2k\utils\enums.hpp">
      <Filter>Header Files</Filter>
    </ClInclude>
    <ClInclude Include="..\..\libm2k_build\libm2k\include\libm2k\utils\utils.hpp">
      <Filter>Header Files</Filter>
    </ClInclude>
    <ClInclude Include="..\..\libm2k_build\libm2k\src\m2khardwaretrigger_impl.hpp">
      <Filter>Header Files</Filter>
    </ClInclude>
  </ItemGroup>
  <ItemGroup>
    <ClCompile Include="dllmain.cpp">
      <Filter>Source Files</Filter>
    </ClCompile>
    <ClCompile Include="pch.cpp">
      <Filter>Source Files</Filter>
    </ClCompile>
    <ClCompile Include="jllibm2k.cpp">
      <Filter>Source Files</Filter>
    </ClCompile>
    <ClCompile Include="dmm.cpp">
      <Filter>Source Files</Filter>
    </ClCompile>
    <ClCompile Include="psu.cpp">
      <Filter>Source Files</Filter>
    </ClCompile>
    <ClCompile Include="analogin.cpp">
      <Filter>Source Files</Filter>
    </ClCompile>
    <ClCompile Include="analogout.cpp">
      <Filter>Source Files</Filter>
    </ClCompile>
    <ClCompile Include="trigger.cpp">
      <Filter>Source Files</Filter>
    </ClCompile>
  </ItemGroup>
</Project>